
Microsoft Visual Studio Solution File, Format Version 12.00
# Visual Studio Version 16
VisualStudioVersion = 16.0.34114.132
MinimumVisualStudioVersion = 10.0.40219.1
Project("{FAE04EC0-301F-11D3-BF4B-00C04F79EFBC}") = "Fieldtypes", "Fieldtypes.csproj", "{DB44C8F9-0A80-4035-8B7D-6D793001CED1}"
EndProject
Global
	GlobalSection(SolutionConfigurationPlatforms) = preSolution
		Debug|Any CPU = Debug|Any CPU
		Release|Any CPU = Release|Any CPU
	EndGlobalSection
	GlobalSection(ProjectConfigurationPlatforms) = postSolution
		{DB44C8F9-0A80-4035-8B7D-6D793001CED1}.Debug|Any CPU.ActiveCfg = Debug|Any CPU
		{DB44C8F9-0A80-4035-8B7D-6D793001CED1}.Debug|Any CPU.Build.0 = Debug|Any CPU
		{DB44C8F9-0A80-4035-8B7D-6D793001CED1}.Release|Any CPU.ActiveCfg = Release|Any CPU
		{DB44C8F9-0A80-4035-8B7D-6D793001CED1}.Release|Any CPU.Build.0 = Release|Any CPU
	EndGlobalSection
	GlobalSection(SolutionProperties) = preSolution
		HideSolutionNode = FALSE
	EndGlobalSection
	GlobalSection(ExtensibilityGlobals) = postSolution
		SolutionGuid = {C011E141-4462-4EB4-9020-7275A5B72D22}
	EndGlobalSection
EndGlobal
